// !$*UTF8*$!
{
	archiveVersion = 1;
	classes = {
	};
	objectVersion = 50;
	objects = {

/* Begin PBXBuildFile section */
		5218FC482493B5E500E20955 /* UIFontExt.swift in Sources */ = {isa = PBXBuildFile; fileRef = 5218FC472493B5E500E20955 /* UIFontExt.swift */; };
		5218FC4A2493B84500E20955 /* UIColorExt.swift in Sources */ = {isa = PBXBuildFile; fileRef = 5218FC492493B84500E20955 /* UIColorExt.swift */; };
		529B2CFD2493BCDE00C0CD94 /* UILabelExt.swift in Sources */ = {isa = PBXBuildFile; fileRef = 529B2CFC2493BCDE00C0CD94 /* UILabelExt.swift */; };
		529B2CFF2493BECF00C0CD94 /* UIImageExt.swift in Sources */ = {isa = PBXBuildFile; fileRef = 529B2CFE2493BECF00C0CD94 /* UIImageExt.swift */; };
		529B2D032494E6A200C0CD94 /* ButtonFormView.swift in Sources */ = {isa = PBXBuildFile; fileRef = 529B2D022494E6A200C0CD94 /* ButtonFormView.swift */; };
		529B2D052495000600C0CD94 /* UISTackViewExt.swift in Sources */ = {isa = PBXBuildFile; fileRef = 529B2D042495000600C0CD94 /* UISTackViewExt.swift */; };
		529B2D07249535E700C0CD94 /* SignUpController.swift in Sources */ = {isa = PBXBuildFile; fileRef = 529B2D06249535E700C0CD94 /* SignUpController.swift */; };
		529B2D09249548D100C0CD94 /* TextFieldFormView.swift in Sources */ = {isa = PBXBuildFile; fileRef = 529B2D08249548D100C0CD94 /* TextFieldFormView.swift */; };
		529B2D0B24962B2800C0CD94 /* LoginController.swift in Sources */ = {isa = PBXBuildFile; fileRef = 529B2D0A24962B2800C0CD94 /* LoginController.swift */; };
		529B2D0D2496808400C0CD94 /* ProfileController.swift in Sources */ = {isa = PBXBuildFile; fileRef = 529B2D0C2496808400C0CD94 /* ProfileController.swift */; };
		529B2D0F24968DD700C0CD94 /* ProfilePhotoView.swift in Sources */ = {isa = PBXBuildFile; fileRef = 529B2D0E24968DD700C0CD94 /* ProfilePhotoView.swift */; };
		529B2D11249753BE00C0CD94 /* UISegmenedControlExt.swift in Sources */ = {isa = PBXBuildFile; fileRef = 529B2D10249753BE00C0CD94 /* UISegmenedControlExt.swift */; };
		52C98A9424A357B50095571C /* ListViewController.swift in Sources */ = {isa = PBXBuildFile; fileRef = 52C98A9324A357B50095571C /* ListViewController.swift */; };
		52C98A9824A369980095571C /* ContactsViewController.swift in Sources */ = {isa = PBXBuildFile; fileRef = 52C98A9724A369980095571C /* ContactsViewController.swift */; };
		52D6CBDB24933FDC00C89474 /* AppDelegate.swift in Sources */ = {isa = PBXBuildFile; fileRef = 52D6CBDA24933FDC00C89474 /* AppDelegate.swift */; };
		52D6CBDD24933FDC00C89474 /* SceneDelegate.swift in Sources */ = {isa = PBXBuildFile; fileRef = 52D6CBDC24933FDC00C89474 /* SceneDelegate.swift */; };
		52D6CBDF24933FDC00C89474 /* AuthViewController.swift in Sources */ = {isa = PBXBuildFile; fileRef = 52D6CBDE24933FDC00C89474 /* AuthViewController.swift */; };
		52D6CBE424933FDD00C89474 /* Assets.xcassets in Resources */ = {isa = PBXBuildFile; fileRef = 52D6CBE324933FDD00C89474 /* Assets.xcassets */; };
		52D6CBE724933FDD00C89474 /* LaunchScreen.storyboard in Resources */ = {isa = PBXBuildFile; fileRef = 52D6CBE524933FDD00C89474 /* LaunchScreen.storyboard */; };
		52D6CBFD2493AFE700C89474 /* UIButtonExt.swift in Sources */ = {isa = PBXBuildFile; fileRef = 52D6CBFC2493AFE700C89474 /* UIButtonExt.swift */; };
/* End PBXBuildFile section */

/* Begin PBXFileReference section */
		5218FC472493B5E500E20955 /* UIFontExt.swift */ = {isa = PBXFileReference; lastKnownFileType = sourcecode.swift; path = UIFontExt.swift; sourceTree = "<group>"; };
		5218FC492493B84500E20955 /* UIColorExt.swift */ = {isa = PBXFileReference; lastKnownFileType = sourcecode.swift; path = UIColorExt.swift; sourceTree = "<group>"; };
		529B2CFC2493BCDE00C0CD94 /* UILabelExt.swift */ = {isa = PBXFileReference; lastKnownFileType = sourcecode.swift; path = UILabelExt.swift; sourceTree = "<group>"; };
		529B2CFE2493BECF00C0CD94 /* UIImageExt.swift */ = {isa = PBXFileReference; lastKnownFileType = sourcecode.swift; path = UIImageExt.swift; sourceTree = "<group>"; };
		529B2D022494E6A200C0CD94 /* ButtonFormView.swift */ = {isa = PBXFileReference; lastKnownFileType = sourcecode.swift; path = ButtonFormView.swift; sourceTree = "<group>"; };
		529B2D042495000600C0CD94 /* UISTackViewExt.swift */ = {isa = PBXFileReference; lastKnownFileType = sourcecode.swift; path = UISTackViewExt.swift; sourceTree = "<group>"; };
		529B2D06249535E700C0CD94 /* SignUpController.swift */ = {isa = PBXFileReference; lastKnownFileType = sourcecode.swift; path = SignUpController.swift; sourceTree = "<group>"; };
		529B2D08249548D100C0CD94 /* TextFieldFormView.swift */ = {isa = PBXFileReference; lastKnownFileType = sourcecode.swift; path = TextFieldFormView.swift; sourceTree = "<group>"; };
		529B2D0A24962B2800C0CD94 /* LoginController.swift */ = {isa = PBXFileReference; lastKnownFileType = sourcecode.swift; path = LoginController.swift; sourceTree = "<group>"; };
		529B2D0C2496808400C0CD94 /* ProfileController.swift */ = {isa = PBXFileReference; lastKnownFileType = sourcecode.swift; path = ProfileController.swift; sourceTree = "<group>"; };
		529B2D0E24968DD700C0CD94 /* ProfilePhotoView.swift */ = {isa = PBXFileReference; lastKnownFileType = sourcecode.swift; path = ProfilePhotoView.swift; sourceTree = "<group>"; };
		529B2D10249753BE00C0CD94 /* UISegmenedControlExt.swift */ = {isa = PBXFileReference; lastKnownFileType = sourcecode.swift; path = UISegmenedControlExt.swift; sourceTree = "<group>"; };
		52C98A9324A357B50095571C /* ListViewController.swift */ = {isa = PBXFileReference; lastKnownFileType = sourcecode.swift; path = ListViewController.swift; sourceTree = "<group>"; };
		52C98A9724A369980095571C /* ContactsViewController.swift */ = {isa = PBXFileReference; lastKnownFileType = sourcecode.swift; path = ContactsViewController.swift; sourceTree = "<group>"; };
		52D6CBD724933FDC00C89474 /* MySimpleChat.app */ = {isa = PBXFileReference; explicitFileType = wrapper.application; includeInIndex = 0; path = MySimpleChat.app; sourceTree = BUILT_PRODUCTS_DIR; };
		52D6CBDA24933FDC00C89474 /* AppDelegate.swift */ = {isa = PBXFileReference; lastKnownFileType = sourcecode.swift; path = AppDelegate.swift; sourceTree = "<group>"; };
		52D6CBDC24933FDC00C89474 /* SceneDelegate.swift */ = {isa = PBXFileReference; lastKnownFileType = sourcecode.swift; path = SceneDelegate.swift; sourceTree = "<group>"; };
		52D6CBDE24933FDC00C89474 /* AuthViewController.swift */ = {isa = PBXFileReference; lastKnownFileType = sourcecode.swift; path = AuthViewController.swift; sourceTree = "<group>"; };
		52D6CBE324933FDD00C89474 /* Assets.xcassets */ = {isa = PBXFileReference; lastKnownFileType = folder.assetcatalog; path = Assets.xcassets; sourceTree = "<group>"; };
		52D6CBE624933FDD00C89474 /* Base */ = {isa = PBXFileReference; lastKnownFileType = file.storyboard; name = Base; path = Base.lproj/LaunchScreen.storyboard; sourceTree = "<group>"; };
		52D6CBE824933FDD00C89474 /* Info.plist */ = {isa = PBXFileReference; lastKnownFileType = text.plist.xml; path = Info.plist; sourceTree = "<group>"; };
		52D6CBFC2493AFE700C89474 /* UIButtonExt.swift */ = {isa = PBXFileReference; lastKnownFileType = sourcecode.swift; path = UIButtonExt.swift; sourceTree = "<group>"; };
/* End PBXFileReference section */

/* Begin PBXFrameworksBuildPhase section */
		52D6CBD424933FDC00C89474 /* Frameworks */ = {
			isa = PBXFrameworksBuildPhase;
			buildActionMask = 2147483647;
			files = (
			);
			runOnlyForDeploymentPostprocessing = 0;
		};
/* End PBXFrameworksBuildPhase section */

/* Begin PBXGroup section */
		529B2D002494D97E00C0CD94 /* UIKit */ = {
			isa = PBXGroup;
			children = (
				529B2CFE2493BECF00C0CD94 /* UIImageExt.swift */,
				529B2CFC2493BCDE00C0CD94 /* UILabelExt.swift */,
				5218FC492493B84500E20955 /* UIColorExt.swift */,
				5218FC472493B5E500E20955 /* UIFontExt.swift */,
				52D6CBFC2493AFE700C89474 /* UIButtonExt.swift */,
				529B2D042495000600C0CD94 /* UISTackViewExt.swift */,
				529B2D10249753BE00C0CD94 /* UISegmenedControlExt.swift */,
			);
			path = UIKit;
			sourceTree = "<group>";
		};
		529B2D012494D99000C0CD94 /* Extensions */ = {
			isa = PBXGroup;
			children = (
				529B2D0E24968DD700C0CD94 /* ProfilePhotoView.swift */,
				529B2D022494E6A200C0CD94 /* ButtonFormView.swift */,
				529B2D08249548D100C0CD94 /* TextFieldFormView.swift */,
				529B2D002494D97E00C0CD94 /* UIKit */,
			);
			path = Extensions;
			sourceTree = "<group>";
		};
		52C98A9524A366B30095571C /* Authentication */ = {
			isa = PBXGroup;
			children = (
				52D6CBDE24933FDC00C89474 /* AuthViewController.swift */,
				529B2D06249535E700C0CD94 /* SignUpController.swift */,
				529B2D0A24962B2800C0CD94 /* LoginController.swift */,
				529B2D0C2496808400C0CD94 /* ProfileController.swift */,
			);
			path = Authentication;
			sourceTree = "<group>";
		};
		52C98A9624A367910095571C /* Controllers */ = {
			isa = PBXGroup;
			children = (
				52C98A9524A366B30095571C /* Authentication */,
				52C98A9724A369980095571C /* ContactsViewController.swift */,
				52C98A9324A357B50095571C /* ListViewController.swift */,
			);
			path = Controllers;
			sourceTree = "<group>";
		};
		52D6CBCE24933FDC00C89474 = {
			isa = PBXGroup;
			children = (
				52D6CBD924933FDC00C89474 /* MySimpleChat */,
				52D6CBD824933FDC00C89474 /* Products */,
			);
			sourceTree = "<group>";
		};
		52D6CBD824933FDC00C89474 /* Products */ = {
			isa = PBXGroup;
			children = (
				52D6CBD724933FDC00C89474 /* MySimpleChat.app */,
			);
			name = Products;
			sourceTree = "<group>";
		};
		52D6CBD924933FDC00C89474 /* MySimpleChat */ = {
			isa = PBXGroup;
			children = (
				52D6CBDA24933FDC00C89474 /* AppDelegate.swift */,
				52D6CBDC24933FDC00C89474 /* SceneDelegate.swift */,
				52C98A9624A367910095571C /* Controllers */,
				529B2D012494D99000C0CD94 /* Extensions */,
				52D6CBE324933FDD00C89474 /* Assets.xcassets */,
				52D6CBE524933FDD00C89474 /* LaunchScreen.storyboard */,
				52D6CBE824933FDD00C89474 /* Info.plist */,
			);
			path = MySimpleChat;
			sourceTree = "<group>";
		};
/* End PBXGroup section */

/* Begin PBXNativeTarget section */
		52D6CBD624933FDC00C89474 /* MySimpleChat */ = {
			isa = PBXNativeTarget;
			buildConfigurationList = 52D6CBEB24933FDD00C89474 /* Build configuration list for PBXNativeTarget "MySimpleChat" */;
			buildPhases = (
				52D6CBD324933FDC00C89474 /* Sources */,
				52D6CBD424933FDC00C89474 /* Frameworks */,
				52D6CBD524933FDC00C89474 /* Resources */,
			);
			buildRules = (
			);
			dependencies = (
			);
			name = MySimpleChat;
			productName = MySimpleChat;
			productReference = 52D6CBD724933FDC00C89474 /* MySimpleChat.app */;
			productType = "com.apple.product-type.application";
		};
/* End PBXNativeTarget section */

/* Begin PBXProject section */
		52D6CBCF24933FDC00C89474 /* Project object */ = {
			isa = PBXProject;
			attributes = {
				LastSwiftUpdateCheck = 1150;
				LastUpgradeCheck = 1150;
				ORGANIZATIONNAME = "Eric Grant";
				TargetAttributes = {
					52D6CBD624933FDC00C89474 = {
						CreatedOnToolsVersion = 11.5;
					};
				};
			};
			buildConfigurationList = 52D6CBD224933FDC00C89474 /* Build configuration list for PBXProject "MySimpleChat" */;
			compatibilityVersion = "Xcode 9.3";
			developmentRegion = en;
			hasScannedForEncodings = 0;
			knownRegions = (
				en,
				Base,
			);
			mainGroup = 52D6CBCE24933FDC00C89474;
			productRefGroup = 52D6CBD824933FDC00C89474 /* Products */;
			projectDirPath = "";
			projectRoot = "";
			targets = (
				52D6CBD624933FDC00C89474 /* MySimpleChat */,
			);
		};
/* End PBXProject section */

/* Begin PBXResourcesBuildPhase section */
		52D6CBD524933FDC00C89474 /* Resources */ = {
			isa = PBXResourcesBuildPhase;
			buildActionMask = 2147483647;
			files = (
				52D6CBE724933FDD00C89474 /* LaunchScreen.storyboard in Resources */,
				52D6CBE424933FDD00C89474 /* Assets.xcassets in Resources */,
			);
			runOnlyForDeploymentPostprocessing = 0;
		};
/* End PBXResourcesBuildPhase section */

/* Begin PBXSourcesBuildPhase section */
		52D6CBD324933FDC00C89474 /* Sources */ = {
			isa = PBXSourcesBuildPhase;
			buildActionMask = 2147483647;
			files = (
				52C98A9424A357B50095571C /* ListViewController.swift in Sources */,
				52D6CBDF24933FDC00C89474 /* AuthViewController.swift in Sources */,
				5218FC4A2493B84500E20955 /* UIColorExt.swift in Sources */,
				52D6CBDB24933FDC00C89474 /* AppDelegate.swift in Sources */,
				529B2D0F24968DD700C0CD94 /* ProfilePhotoView.swift in Sources */,
				52C98A9824A369980095571C /* ContactsViewController.swift in Sources */,
				529B2D0B24962B2800C0CD94 /* LoginController.swift in Sources */,
				529B2D052495000600C0CD94 /* UISTackViewExt.swift in Sources */,
				529B2D032494E6A200C0CD94 /* ButtonFormView.swift in Sources */,
				52D6CBDD24933FDC00C89474 /* SceneDelegate.swift in Sources */,
				529B2D0D2496808400C0CD94 /* ProfileController.swift in Sources */,
				529B2CFD2493BCDE00C0CD94 /* UILabelExt.swift in Sources */,
				529B2CFF2493BECF00C0CD94 /* UIImageExt.swift in Sources */,
				52D6CBFD2493AFE700C89474 /* UIButtonExt.swift in Sources */,
				529B2D07249535E700C0CD94 /* SignUpController.swift in Sources */,
				529B2D11249753BE00C0CD94 /* UISegmenedControlExt.swift in Sources */,
				529B2D09249548D100C0CD94 /* TextFieldFormView.swift in Sources */,
				5218FC482493B5E500E20955 /* UIFontExt.swift in Sources */,
			);
			runOnlyForDeploymentPostprocessing = 0;
		};
/* End PBXSourcesBuildPhase section */

/* Begin PBXVariantGroup section */
		52D6CBE524933FDD00C89474 /* LaunchScreen.storyboard */ = {
			isa = PBXVariantGroup;
			children = (
				52D6CBE624933FDD00C89474 /* Base */,
			);
			name = LaunchScreen.storyboard;
			sourceTree = "<group>";
		};
/* End PBXVariantGroup section */

/* Begin XCBuildConfiguration section */
		52D6CBE924933FDD00C89474 /* Debug */ = {
			isa = XCBuildConfiguration;
			buildSettings = {
				ALWAYS_SEARCH_USER_PATHS = NO;
				CLANG_ANALYZER_NONNULL = YES;
				CLANG_ANALYZER_NUMBER_OBJECT_CONVERSION = YES_AGGRESSIVE;
				CLANG_CXX_LANGUAGE_STANDARD = "gnu++14";
				CLANG_CXX_LIBRARY = "libc++";
				CLANG_ENABLE_MODULES = YES;
				CLANG_ENABLE_OBJC_ARC = YES;
				CLANG_ENABLE_OBJC_WEAK = YES;
				CLANG_WARN_BLOCK_CAPTURE_AUTORELEASING = YES;
				CLANG_WARN_BOOL_CONVERSION = YES;
				CLANG_WARN_COMMA = YES;
				CLANG_WARN_CONSTANT_CONVERSION = YES;
				CLANG_WARN_DEPRECATED_OBJC_IMPLEMENTATIONS = YES;
				CLANG_WARN_DIRECT_OBJC_ISA_USAGE = YES_ERROR;
				CLANG_WARN_DOCUMENTATION_COMMENTS = YES;
				CLANG_WARN_EMPTY_BODY = YES;
				CLANG_WARN_ENUM_CONVERSION = YES;
				CLANG_WARN_INFINITE_RECURSION = YES;
				CLANG_WARN_INT_CONVERSION = YES;
				CLANG_WARN_NON_LITERAL_NULL_CONVERSION = YES;
				CLANG_WARN_OBJC_IMPLICIT_RETAIN_SELF = YES;
				CLANG_WARN_OBJC_LITERAL_CONVERSION = YES;
				CLANG_WARN_OBJC_ROOT_CLASS = YES_ERROR;
				CLANG_WARN_RANGE_LOOP_ANALYSIS = YES;
				CLANG_WARN_STRICT_PROTOTYPES = YES;
				CLANG_WARN_SUSPICIOUS_MOVE = YES;
				CLANG_WARN_UNGUARDED_AVAILABILITY = YES_AGGRESSIVE;
				CLANG_WARN_UNREACHABLE_CODE = YES;
				CLANG_WARN__DUPLICATE_METHOD_MATCH = YES;
				COPY_PHASE_STRIP = NO;
				DEBUG_INFORMATION_FORMAT = dwarf;
				ENABLE_STRICT_OBJC_MSGSEND = YES;
				ENABLE_TESTABILITY = YES;
				GCC_C_LANGUAGE_STANDARD = gnu11;
				GCC_DYNAMIC_NO_PIC = NO;
				GCC_NO_COMMON_BLOCKS = YES;
				GCC_OPTIMIZATION_LEVEL = 0;
				GCC_PREPROCESSOR_DEFINITIONS = (
					"DEBUG=1",
					"$(inherited)",
				);
				GCC_WARN_64_TO_32_BIT_CONVERSION = YES;
				GCC_WARN_ABOUT_RETURN_TYPE = YES_ERROR;
				GCC_WARN_UNDECLARED_SELECTOR = YES;
				GCC_WARN_UNINITIALIZED_AUTOS = YES_AGGRESSIVE;
				GCC_WARN_UNUSED_FUNCTION = YES;
				GCC_WARN_UNUSED_VARIABLE = YES;
				IPHONEOS_DEPLOYMENT_TARGET = 13.5;
				MTL_ENABLE_DEBUG_INFO = INCLUDE_SOURCE;
				MTL_FAST_MATH = YES;
				ONLY_ACTIVE_ARCH = YES;
				SDKROOT = iphoneos;
				SWIFT_ACTIVE_COMPILATION_CONDITIONS = DEBUG;
				SWIFT_OPTIMIZATION_LEVEL = "-Onone";
			};
			name = Debug;
		};
		52D6CBEA24933FDD00C89474 /* Release */ = {
			isa = XCBuildConfiguration;
			buildSettings = {
				ALWAYS_SEARCH_USER_PATHS = NO;
				CLANG_ANALYZER_NONNULL = YES;
				CLANG_ANALYZER_NUMBER_OBJECT_CONVERSION = YES_AGGRESSIVE;
				CLANG_CXX_LANGUAGE_STANDARD = "gnu++14";
				CLANG_CXX_LIBRARY = "libc++";
				CLANG_ENABLE_MODULES = YES;
				CLANG_ENABLE_OBJC_ARC = YES;
				CLANG_ENABLE_OBJC_WEAK = YES;
				CLANG_WARN_BLOCK_CAPTURE_AUTORELEASING = YES;
				CLANG_WARN_BOOL_CONVERSION = YES;
				CLANG_WARN_COMMA = YES;
				CLANG_WARN_CONSTANT_CONVERSION = YES;
				CLANG_WARN_DEPRECATED_OBJC_IMPLEMENTATIONS = YES;
				CLANG_WARN_DIRECT_OBJC_ISA_USAGE = YES_ERROR;
				CLANG_WARN_DOCUMENTATION_COMMENTS = YES;
				CLANG_WARN_EMPTY_BODY = YES;
				CLANG_WARN_ENUM_CONVERSION = YES;
				CLANG_WARN_INFINITE_RECURSION = YES;
				CLANG_WARN_INT_CONVERSION = YES;
				CLANG_WARN_NON_LITERAL_NULL_CONVERSION = YES;
				CLANG_WARN_OBJC_IMPLICIT_RETAIN_SELF = YES;
				CLANG_WARN_OBJC_LITERAL_CONVERSION = YES;
				CLANG_WARN_OBJC_ROOT_CLASS = YES_ERROR;
				CLANG_WARN_RANGE_LOOP_ANALYSIS = YES;
				CLANG_WARN_STRICT_PROTOTYPES = YES;
				CLANG_WARN_SUSPICIOUS_MOVE = YES;
				CLANG_WARN_UNGUARDED_AVAILABILITY = YES_AGGRESSIVE;
				CLANG_WARN_UNREACHABLE_CODE = YES;
				CLANG_WARN__DUPLICATE_METHOD_MATCH = YES;
				COPY_PHASE_STRIP = NO;
				DEBUG_INFORMATION_FORMAT = "dwarf-with-dsym";
				ENABLE_NS_ASSERTIONS = NO;
				ENABLE_STRICT_OBJC_MSGSEND = YES;
				GCC_C_LANGUAGE_STANDARD = gnu11;
				GCC_NO_COMMON_BLOCKS = YES;
				GCC_WARN_64_TO_32_BIT_CONVERSION = YES;
				GCC_WARN_ABOUT_RETURN_TYPE = YES_ERROR;
				GCC_WARN_UNDECLARED_SELECTOR = YES;
				GCC_WARN_UNINITIALIZED_AUTOS = YES_AGGRESSIVE;
				GCC_WARN_UNUSED_FUNCTION = YES;
				GCC_WARN_UNUSED_VARIABLE = YES;
				IPHONEOS_DEPLOYMENT_TARGET = 13.5;
				MTL_ENABLE_DEBUG_INFO = NO;
				MTL_FAST_MATH = YES;
				SDKROOT = iphoneos;
				SWIFT_COMPILATION_MODE = wholemodule;
				SWIFT_OPTIMIZATION_LEVEL = "-O";
				VALIDATE_PRODUCT = YES;
			};
			name = Release;
		};
		52D6CBEC24933FDD00C89474 /* Debug */ = {
			isa = XCBuildConfiguration;
			buildSettings = {
				ASSETCATALOG_COMPILER_APPICON_NAME = AppIcon;
				CODE_SIGN_STYLE = Automatic;
				DEVELOPMENT_TEAM = 972D9Z4QKX;
				INFOPLIST_FILE = MySimpleChat/Info.plist;
				LD_RUNPATH_SEARCH_PATHS = (
					"$(inherited)",
					"@executable_path/Frameworks",
				);
				PRODUCT_BUNDLE_IDENTIFIER = com.ericgrant.MySimpleChat;
				PRODUCT_NAME = "$(TARGET_NAME)";
				SWIFT_VERSION = 5.0;
				TARGETED_DEVICE_FAMILY = "1,2";
			};
			name = Debug;
		};
		52D6CBED24933FDD00C89474 /* Release */ = {
			isa = XCBuildConfiguration;
			buildSettings = {
				ASSETCATALOG_COMPILER_APPICON_NAME = AppIcon;
				CODE_SIGN_STYLE = Automatic;
				DEVELOPMENT_TEAM = 972D9Z4QKX;
				INFOPLIST_FILE = MySimpleChat/Info.plist;
				LD_RUNPATH_SEARCH_PATHS = (
					"$(inherited)",
					"@executable_path/Frameworks",
				);
				PRODUCT_BUNDLE_IDENTIFIER = com.ericgrant.MySimpleChat;
				PRODUCT_NAME = "$(TARGET_NAME)";
				SWIFT_VERSION = 5.0;
				TARGETED_DEVICE_FAMILY = "1,2";
			};
			name = Release;
		};
/* End XCBuildConfiguration section */

/* Begin XCConfigurationList section */
		52D6CBD224933FDC00C89474 /* Build configuration list for PBXProject "MySimpleChat" */ = {
			isa = XCConfigurationList;
			buildConfigurations = (
				52D6CBE924933FDD00C89474 /* Debug */,
				52D6CBEA24933FDD00C89474 /* Release */,
			);
			defaultConfigurationIsVisible = 0;
			defaultConfigurationName = Release;
		};
		52D6CBEB24933FDD00C89474 /* Build configuration list for PBXNativeTarget "MySimpleChat" */ = {
			isa = XCConfigurationList;
			buildConfigurations = (
				52D6CBEC24933FDD00C89474 /* Debug */,
				52D6CBED24933FDD00C89474 /* Release */,
			);
			defaultConfigurationIsVisible = 0;
			defaultConfigurationName = Release;
		};
/* End XCConfigurationList section */
	};
	rootObject = 52D6CBCF24933FDC00C89474 /* Project object */;
}
